
Microsoft Visual Studio Solution File, Format Version 12.00
# Visual Studio Version 16
VisualStudioVersion = 16.0.31702.278
MinimumVisualStudioVersion = 10.0.40219.1
Project("{FAE04EC0-301F-11D3-BF4B-00C04F79EFBC}") = "StockIt", "StockIt.csproj", "{661B68B3-03AA-445B-A2FD-FA7D8BA6B9D5}"
EndProject
Project("{FAE04EC0-301F-11D3-BF4B-00C04F79EFBC}") = "StockIt_Entidades", "StockIt_Entidades\StockIt_Entidades.csproj", "{93E84A13-6749-4922-A0D0-8E71CD5AD70C}"
EndProject
Project("{FAE04EC0-301F-11D3-BF4B-00C04F79EFBC}") = "StockIt_Logica", "StockIt_Logica\StockIt_Logica.csproj", "{A191348D-40E8-415D-997B-E76AD8D94170}"
EndProject
Global
	GlobalSection(SolutionConfigurationPlatforms) = preSolution
		Debug|Any CPU = Debug|Any CPU
		Release|Any CPU = Release|Any CPU
	EndGlobalSection
	GlobalSection(ProjectConfigurationPlatforms) = postSolution
		{661B68B3-03AA-445B-A2FD-FA7D8BA6B9D5}.Debug|Any CPU.ActiveCfg = Debug|Any CPU
		{661B68B3-03AA-445B-A2FD-FA7D8BA6B9D5}.Debug|Any CPU.Build.0 = Debug|Any CPU
		{661B68B3-03AA-445B-A2FD-FA7D8BA6B9D5}.Release|Any CPU.ActiveCfg = Release|Any CPU
		{661B68B3-03AA-445B-A2FD-FA7D8BA6B9D5}.Release|Any CPU.Build.0 = Release|Any CPU
		{93E84A13-6749-4922-A0D0-8E71CD5AD70C}.Debug|Any CPU.ActiveCfg = Debug|Any CPU
		{93E84A13-6749-4922-A0D0-8E71CD5AD70C}.Debug|Any CPU.Build.0 = Debug|Any CPU
		{93E84A13-6749-4922-A0D0-8E71CD5AD70C}.Release|Any CPU.ActiveCfg = Release|Any CPU
		{93E84A13-6749-4922-A0D0-8E71CD5AD70C}.Release|Any CPU.Build.0 = Release|Any CPU
		{A191348D-40E8-415D-997B-E76AD8D94170}.Debug|Any CPU.ActiveCfg = Debug|Any CPU
		{A191348D-40E8-415D-997B-E76AD8D94170}.Debug|Any CPU.Build.0 = Debug|Any CPU
		{A191348D-40E8-415D-997B-E76AD8D94170}.Release|Any CPU.ActiveCfg = Release|Any CPU
		{A191348D-40E8-415D-997B-E76AD8D94170}.Release|Any CPU.Build.0 = Release|Any CPU
	EndGlobalSection
	GlobalSection(SolutionProperties) = preSolution
		HideSolutionNode = FALSE
	EndGlobalSection
	GlobalSection(ExtensibilityGlobals) = postSolution
		SolutionGuid = {9C8F9E75-8A2E-4010-AFC6-4A0F198438DF}
	EndGlobalSection
EndGlobal
